
Microsoft Visual Studio Solution File, Format Version 12.00
# Visual Studio Version 16
VisualStudioVersion = 16.0.30011.22
MinimumVisualStudioVersion = 10.0.40219.1
Project("{FAE04EC0-301F-11D3-BF4B-00C04F79EFBC}") = "GitPractice", "GitPractice.csproj", "{1DD532FE-E85E-402F-998F-F9CFF0017FD3}"
EndProject
Global
	GlobalSection(SolutionConfigurationPlatforms) = preSolution
		Debug|Any CPU = Debug|Any CPU
		Release|Any CPU = Release|Any CPU
	EndGlobalSection
	GlobalSection(ProjectConfigurationPlatforms) = postSolution
		{1DD532FE-E85E-402F-998F-F9CFF0017FD3}.Debug|Any CPU.ActiveCfg = Debug|Any CPU
		{1DD532FE-E85E-402F-998F-F9CFF0017FD3}.Debug|Any CPU.Build.0 = Debug|Any CPU
		{1DD532FE-E85E-402F-998F-F9CFF0017FD3}.Release|Any CPU.ActiveCfg = Release|Any CPU
		{1DD532FE-E85E-402F-998F-F9CFF0017FD3}.Release|Any CPU.Build.0 = Release|Any CPU
	EndGlobalSection
	GlobalSection(SolutionProperties) = preSolution
		HideSolutionNode = FALSE
	EndGlobalSection
	GlobalSection(ExtensibilityGlobals) = postSolution
		SolutionGuid = {6525E0B8-E228-4955-9335-FB019373AF5E}
	EndGlobalSection
EndGlobal
